
Microsoft Visual Studio Solution File, Format Version 12.00
# Visual Studio Version 16
VisualStudioVersion = 16.0.30907.101
MinimumVisualStudioVersion = 10.0.40219.1
Project("{8BC9CEB8-8B4A-11D0-8D11-00A0C91BC942}") = "OS04_01", "OS04_01\OS04_01.vcxproj", "{43B32AD0-2141-4853-B88B-150B5212A79F}"
EndProject
Project("{8BC9CEB8-8B4A-11D0-8D11-00A0C91BC942}") = "OS04_03", "..\OS04_03\OS04_03\OS04_03.vcxproj", "{66C268AC-0F08-4F8D-9130-E9CCADEDD520}"
EndProject
Project("{8BC9CEB8-8B4A-11D0-8D11-00A0C91BC942}") = "OS04_02", "..\OS04_02\OS04_02\OS04_02.vcxproj", "{EDAC8385-9BCE-4A95-9CA5-13416D4DA833}"
EndProject
Project("{8BC9CEB8-8B4A-11D0-8D11-00A0C91BC942}") = "OS04_04", "..\OS04_04\OS04_04\OS04_04.vcxproj", "{007DA6C0-9705-44E8-8453-0F653A93A801}"
EndProject
Project("{8BC9CEB8-8B4A-11D0-8D11-00A0C91BC942}") = "OS04_05", "..\OS03_05\OS03_05\OS03_05.vcxproj", "{814C06C5-A23F-438C-A8CD-7ACF8BA3612F}"
EndProject
Global
	GlobalSection(SolutionConfigurationPlatforms) = preSolution
		Debug|x64 = Debug|x64
		Debug|x86 = Debug|x86
		Release|x64 = Release|x64
		Release|x86 = Release|x86
	EndGlobalSection
	GlobalSection(ProjectConfigurationPlatforms) = postSolution
		{43B32AD0-2141-4853-B88B-150B5212A79F}.Debug|x64.ActiveCfg = Debug|x64
		{43B32AD0-2141-4853-B88B-150B5212A79F}.Debug|x64.Build.0 = Debug|x64
		{43B32AD0-2141-4853-B88B-150B5212A79F}.Debug|x86.ActiveCfg = Debug|Win32
		{43B32AD0-2141-4853-B88B-150B5212A79F}.Debug|x86.Build.0 = Debug|Win32
		{43B32AD0-2141-4853-B88B-150B5212A79F}.Release|x64.ActiveCfg = Release|x64
		{43B32AD0-2141-4853-B88B-150B5212A79F}.Release|x64.Build.0 = Release|x64
		{43B32AD0-2141-4853-B88B-150B5212A79F}.Release|x86.ActiveCfg = Release|Win32
		{43B32AD0-2141-4853-B88B-150B5212A79F}.Release|x86.Build.0 = Release|Win32
		{66C268AC-0F08-4F8D-9130-E9CCADEDD520}.Debug|x64.ActiveCfg = Debug|x64
		{66C268AC-0F08-4F8D-9130-E9CCADEDD520}.Debug|x64.Build.0 = Debug|x64
		{66C268AC-0F08-4F8D-9130-E9CCADEDD520}.Debug|x86.ActiveCfg = Debug|Win32
		{66C268AC-0F08-4F8D-9130-E9CCADEDD520}.Debug|x86.Build.0 = Debug|Win32
		{66C268AC-0F08-4F8D-9130-E9CCADEDD520}.Release|x64.ActiveCfg = Release|x64
		{66C268AC-0F08-4F8D-9130-E9CCADEDD520}.Release|x64.Build.0 = Release|x64
		{66C268AC-0F08-4F8D-9130-E9CCADEDD520}.Release|x86.ActiveCfg = Release|Win32
		{66C268AC-0F08-4F8D-9130-E9CCADEDD520}.Release|x86.Build.0 = Release|Win32
		{EDAC8385-9BCE-4A95-9CA5-13416D4DA833}.Debug|x64.ActiveCfg = Debug|x64
		{EDAC8385-9BCE-4A95-9CA5-13416D4DA833}.Debug|x64.Build.0 = Debug|x64
		{EDAC8385-9BCE-4A95-9CA5-13416D4DA833}.Debug|x86.ActiveCfg = Debug|Win32
		{EDAC8385-9BCE-4A95-9CA5-13416D4DA833}.Debug|x86.Build.0 = Debug|Win32
		{EDAC8385-9BCE-4A95-9CA5-13416D4DA833}.Release|x64.ActiveCfg = Release|x64
		{EDAC8385-9BCE-4A95-9CA5-13416D4DA833}.Release|x64.Build.0 = Release|x64
		{EDAC8385-9BCE-4A95-9CA5-13416D4DA833}.Release|x86.ActiveCfg = Release|Win32
		{EDAC8385-9BCE-4A95-9CA5-13416D4DA833}.Release|x86.Build.0 = Release|Win32
		{007DA6C0-9705-44E8-8453-0F653A93A801}.Debug|x64.ActiveCfg = Debug|x64
		{007DA6C0-9705-44E8-8453-0F653A93A801}.Debug|x64.Build.0 = Debug|x64
		{007DA6C0-9705-44E8-8453-0F653A93A801}.Debug|x86.ActiveCfg = Debug|Win32
		{007DA6C0-9705-44E8-8453-0F653A93A801}.Debug|x86.Build.0 = Debug|Win32
		{007DA6C0-9705-44E8-8453-0F653A93A801}.Release|x64.ActiveCfg = Release|x64
		{007DA6C0-9705-44E8-8453-0F653A93A801}.Release|x64.Build.0 = Release|x64
		{007DA6C0-9705-44E8-8453-0F653A93A801}.Release|x86.ActiveCfg = Release|Win32
		{007DA6C0-9705-44E8-8453-0F653A93A801}.Release|x86.Build.0 = Release|Win32
		{814C06C5-A23F-438C-A8CD-7ACF8BA3612F}.Debug|x64.ActiveCfg = Debug|x64
		{814C06C5-A23F-438C-A8CD-7ACF8BA3612F}.Debug|x64.Build.0 = Debug|x64
		{814C06C5-A23F-438C-A8CD-7ACF8BA3612F}.Debug|x86.ActiveCfg = Debug|Win32
		{814C06C5-A23F-438C-A8CD-7ACF8BA3612F}.Debug|x86.Build.0 = Debug|Win32
		{814C06C5-A23F-438C-A8CD-7ACF8BA3612F}.Release|x64.ActiveCfg = Release|x64
		{814C06C5-A23F-438C-A8CD-7ACF8BA3612F}.Release|x64.Build.0 = Release|x64
		{814C06C5-A23F-438C-A8CD-7ACF8BA3612F}.Release|x86.ActiveCfg = Release|Win32
		{814C06C5-A23F-438C-A8CD-7ACF8BA3612F}.Release|x86.Build.0 = Release|Win32
	EndGlobalSection
	GlobalSection(SolutionProperties) = preSolution
		HideSolutionNode = FALSE
	EndGlobalSection
	GlobalSection(ExtensibilityGlobals) = postSolution
		SolutionGuid = {EEA15EFB-86E8-40D8-9CEF-1278179A17A0}
	EndGlobalSection
EndGlobal
