
Microsoft Visual Studio Solution File, Format Version 12.00
# Visual Studio Version 16
VisualStudioVersion = 16.0.31911.196
MinimumVisualStudioVersion = 10.0.40219.1
Project("{8BC9CEB8-8B4A-11D0-8D11-00A0C91BC942}") = "OS07_03A", "OS07_03A\OS07_03A.vcxproj", "{909F05DD-4695-40C6-A49D-483C97114A04}"
EndProject
Global
	GlobalSection(SolutionConfigurationPlatforms) = preSolution
		Debug|x64 = Debug|x64
		Debug|x86 = Debug|x86
		Release|x64 = Release|x64
		Release|x86 = Release|x86
	EndGlobalSection
	GlobalSection(ProjectConfigurationPlatforms) = postSolution
		{909F05DD-4695-40C6-A49D-483C97114A04}.Debug|x64.ActiveCfg = Debug|x64
		{909F05DD-4695-40C6-A49D-483C97114A04}.Debug|x64.Build.0 = Debug|x64
		{909F05DD-4695-40C6-A49D-483C97114A04}.Debug|x86.ActiveCfg = Debug|Win32
		{909F05DD-4695-40C6-A49D-483C97114A04}.Debug|x86.Build.0 = Debug|Win32
		{909F05DD-4695-40C6-A49D-483C97114A04}.Release|x64.ActiveCfg = Release|x64
		{909F05DD-4695-40C6-A49D-483C97114A04}.Release|x64.Build.0 = Release|x64
		{909F05DD-4695-40C6-A49D-483C97114A04}.Release|x86.ActiveCfg = Release|Win32
		{909F05DD-4695-40C6-A49D-483C97114A04}.Release|x86.Build.0 = Release|Win32
	EndGlobalSection
	GlobalSection(SolutionProperties) = preSolution
		HideSolutionNode = FALSE
	EndGlobalSection
	GlobalSection(ExtensibilityGlobals) = postSolution
		SolutionGuid = {52254E28-0E42-4246-97F6-AAA30CFF22DB}
	EndGlobalSection
EndGlobal
